
Microsoft Visual Studio Solution File, Format Version 12.00
# Visual Studio Version 17
VisualStudioVersion = 17.5.33627.172
MinimumVisualStudioVersion = 10.0.40219.1
Project("{FAE04EC0-301F-11D3-BF4B-00C04F79EFBC}") = "hexin_csharp", "hexin_csharp.csproj", "{02044068-51FA-4976-BECB-2BC31203DDF8}"
EndProject
Global
	GlobalSection(SolutionConfigurationPlatforms) = preSolution
		Debug|Any CPU = Debug|Any CPU
		Release|Any CPU = Release|Any CPU
	EndGlobalSection
	GlobalSection(ProjectConfigurationPlatforms) = postSolution
		{02044068-51FA-4976-BECB-2BC31203DDF8}.Debug|Any CPU.ActiveCfg = Debug|Any CPU
		{02044068-51FA-4976-BECB-2BC31203DDF8}.Debug|Any CPU.Build.0 = Debug|Any CPU
		{02044068-51FA-4976-BECB-2BC31203DDF8}.Release|Any CPU.ActiveCfg = Release|Any CPU
		{02044068-51FA-4976-BECB-2BC31203DDF8}.Release|Any CPU.Build.0 = Release|Any CPU
	EndGlobalSection
	GlobalSection(SolutionProperties) = preSolution
		HideSolutionNode = FALSE
	EndGlobalSection
	GlobalSection(ExtensibilityGlobals) = postSolution
		SolutionGuid = {A86362B9-580D-4E20-8689-B4665D9C327B}
	EndGlobalSection
EndGlobal
